// !$*UTF8*$!
{
	archiveVersion = 1;
	classes = {
	};
	objectVersion = 55;
	objects = {

/* Begin PBXBuildFile section */
		D4090BEE27F88FC80068E4C5 /* RestTimeApp.swift in Sources */ = {isa = PBXBuildFile; fileRef = D4090BED27F88FC80068E4C5 /* RestTimeApp.swift */; };
		D4090BF027F88FC80068E4C5 /* ContentView.swift in Sources */ = {isa = PBXBuildFile; fileRef = D4090BEF27F88FC80068E4C5 /* ContentView.swift */; };
		D4090BF227F88FCA0068E4C5 /* Assets.xcassets in Resources */ = {isa = PBXBuildFile; fileRef = D4090BF127F88FCA0068E4C5 /* Assets.xcassets */; };
		D4090BF527F88FCA0068E4C5 /* Preview Assets.xcassets in Resources */ = {isa = PBXBuildFile; fileRef = D4090BF427F88FCA0068E4C5 /* Preview Assets.xcassets */; };
		D4A53AC527F9D906004A0F4C /* RestRecord.swift in Sources */ = {isa = PBXBuildFile; fileRef = D4A53AC427F9D905004A0F4C /* RestRecord.swift */; };
		D4A53B2727FA88F4004A0F4C /* RestRecordTest.swift in Sources */ = {isa = PBXBuildFile; fileRef = D4A53B2627FA88F4004A0F4C /* RestRecordTest.swift */; };
		D4A53B2A27FA8B64004A0F4C /* StringExtension.swift in Sources */ = {isa = PBXBuildFile; fileRef = D4A53B2927FA8B64004A0F4C /* StringExtension.swift */; };
		D4A53B2E27FA92AA004A0F4C /* DateUtils.swift in Sources */ = {isa = PBXBuildFile; fileRef = D4A53B2D27FA92AA004A0F4C /* DateUtils.swift */; };
		D4A53B3027FA92F5004A0F4C /* DateExtension.swift in Sources */ = {isa = PBXBuildFile; fileRef = D4A53B2F27FA92F5004A0F4C /* DateExtension.swift */; };
		D4A53B3327FA99C1004A0F4C /* RestDataManager.swift in Sources */ = {isa = PBXBuildFile; fileRef = D4A53B3227FA99C1004A0F4C /* RestDataManager.swift */; };
		D4A53B3527FA9C54004A0F4C /* DictExtension.swift in Sources */ = {isa = PBXBuildFile; fileRef = D4A53B3427FA9C54004A0F4C /* DictExtension.swift */; };
		D4A53B3727FA9CB3004A0F4C /* DictExtensionTest.swift in Sources */ = {isa = PBXBuildFile; fileRef = D4A53B3627FA9CB3004A0F4C /* DictExtensionTest.swift */; };
		D4A53B3927FAA023004A0F4C /* StringExtensionTest.swift in Sources */ = {isa = PBXBuildFile; fileRef = D4A53B3827FAA023004A0F4C /* StringExtensionTest.swift */; };
		D4A53B3B27FAA55F004A0F4C /* RestDataManagerTest.swift in Sources */ = {isa = PBXBuildFile; fileRef = D4A53B3A27FAA55F004A0F4C /* RestDataManagerTest.swift */; };
		D4A53B3E27FACB24004A0F4C /* StringUtils.swift in Sources */ = {isa = PBXBuildFile; fileRef = D4A53B3D27FACB24004A0F4C /* StringUtils.swift */; };
		D4A53B4027FB24A6004A0F4C /* DateExtensionTest.swift in Sources */ = {isa = PBXBuildFile; fileRef = D4A53B3F27FB24A6004A0F4C /* DateExtensionTest.swift */; };
		D4A53B4227FB3810004A0F4C /* MainView.swift in Sources */ = {isa = PBXBuildFile; fileRef = D4A53B4127FB3810004A0F4C /* MainView.swift */; };
		D4A53B4427FB386C004A0F4C /* StatView.swift in Sources */ = {isa = PBXBuildFile; fileRef = D4A53B4327FB386C004A0F4C /* StatView.swift */; };
		D4E7BFCA27FBC3AA00A147D9 /* SQLite in Frameworks */ = {isa = PBXBuildFile; productRef = D4E7BFC927FBC3AA00A147D9 /* SQLite */; };
		D4E7BFCC27FBFF6300A147D9 /* StatItem.swift in Sources */ = {isa = PBXBuildFile; fileRef = D4E7BFCB27FBFF6300A147D9 /* StatItem.swift */; };
		D4E7BFCF27FC0DA600A147D9 /* Duration.swift in Sources */ = {isa = PBXBuildFile; fileRef = D4E7BFCE27FC0DA600A147D9 /* Duration.swift */; };
		D4E7BFD127FC0DE100A147D9 /* DurationTest.swift in Sources */ = {isa = PBXBuildFile; fileRef = D4E7BFD027FC0DE000A147D9 /* DurationTest.swift */; };
		D4E7BFD427FC811800A147D9 /* LatestRestRecord.swift in Sources */ = {isa = PBXBuildFile; fileRef = D4E7BFD327FC811800A147D9 /* LatestRestRecord.swift */; };
/* End PBXBuildFile section */

/* Begin PBXContainerItemProxy section */
		D4A53B2127FA88AF004A0F4C /* PBXContainerItemProxy */ = {
			isa = PBXContainerItemProxy;
			containerPortal = D4090BE227F88FC80068E4C5 /* Project object */;
			proxyType = 1;
			remoteGlobalIDString = D4090BE927F88FC80068E4C5;
			remoteInfo = RestTime;
		};
/* End PBXContainerItemProxy section */

/* Begin PBXFileReference section */
		D4090BEA27F88FC80068E4C5 /* RestTime.app */ = {isa = PBXFileReference; explicitFileType = wrapper.application; includeInIndex = 0; path = RestTime.app; sourceTree = BUILT_PRODUCTS_DIR; };
		D4090BED27F88FC80068E4C5 /* RestTimeApp.swift */ = {isa = PBXFileReference; lastKnownFileType = sourcecode.swift; path = RestTimeApp.swift; sourceTree = "<group>"; };
		D4090BEF27F88FC80068E4C5 /* ContentView.swift */ = {isa = PBXFileReference; lastKnownFileType = sourcecode.swift; path = ContentView.swift; sourceTree = "<group>"; };
		D4090BF127F88FCA0068E4C5 /* Assets.xcassets */ = {isa = PBXFileReference; lastKnownFileType = folder.assetcatalog; path = Assets.xcassets; sourceTree = "<group>"; };
		D4090BF427F88FCA0068E4C5 /* Preview Assets.xcassets */ = {isa = PBXFileReference; lastKnownFileType = folder.assetcatalog; path = "Preview Assets.xcassets"; sourceTree = "<group>"; };
		D4A53AC427F9D905004A0F4C /* RestRecord.swift */ = {isa = PBXFileReference; lastKnownFileType = sourcecode.swift; path = RestRecord.swift; sourceTree = "<group>"; };
		D4A53B1D27FA88AF004A0F4C /* RestTimeTests.xctest */ = {isa = PBXFileReference; explicitFileType = wrapper.cfbundle; includeInIndex = 0; path = RestTimeTests.xctest; sourceTree = BUILT_PRODUCTS_DIR; };
		D4A53B2627FA88F4004A0F4C /* RestRecordTest.swift */ = {isa = PBXFileReference; lastKnownFileType = sourcecode.swift; path = RestRecordTest.swift; sourceTree = "<group>"; };
		D4A53B2927FA8B64004A0F4C /* StringExtension.swift */ = {isa = PBXFileReference; lastKnownFileType = sourcecode.swift; path = StringExtension.swift; sourceTree = "<group>"; };
		D4A53B2D27FA92AA004A0F4C /* DateUtils.swift */ = {isa = PBXFileReference; lastKnownFileType = sourcecode.swift; path = DateUtils.swift; sourceTree = "<group>"; };
		D4A53B2F27FA92F5004A0F4C /* DateExtension.swift */ = {isa = PBXFileReference; lastKnownFileType = sourcecode.swift; path = DateExtension.swift; sourceTree = "<group>"; };
		D4A53B3227FA99C1004A0F4C /* RestDataManager.swift */ = {isa = PBXFileReference; lastKnownFileType = sourcecode.swift; path = RestDataManager.swift; sourceTree = "<group>"; };
		D4A53B3427FA9C54004A0F4C /* DictExtension.swift */ = {isa = PBXFileReference; lastKnownFileType = sourcecode.swift; path = DictExtension.swift; sourceTree = "<group>"; };
		D4A53B3627FA9CB3004A0F4C /* DictExtensionTest.swift */ = {isa = PBXFileReference; lastKnownFileType = sourcecode.swift; path = DictExtensionTest.swift; sourceTree = "<group>"; };
		D4A53B3827FAA023004A0F4C /* StringExtensionTest.swift */ = {isa = PBXFileReference; lastKnownFileType = sourcecode.swift; path = StringExtensionTest.swift; sourceTree = "<group>"; };
		D4A53B3A27FAA55F004A0F4C /* RestDataManagerTest.swift */ = {isa = PBXFileReference; lastKnownFileType = sourcecode.swift; name = RestDataManagerTest.swift; path = RestTimeTests/RestDataManagerTest.swift; sourceTree = "<group>"; };
		D4A53B3D27FACB24004A0F4C /* StringUtils.swift */ = {isa = PBXFileReference; lastKnownFileType = sourcecode.swift; path = StringUtils.swift; sourceTree = "<group>"; };
		D4A53B3F27FB24A6004A0F4C /* DateExtensionTest.swift */ = {isa = PBXFileReference; lastKnownFileType = sourcecode.swift; path = DateExtensionTest.swift; sourceTree = "<group>"; };
		D4A53B4127FB3810004A0F4C /* MainView.swift */ = {isa = PBXFileReference; lastKnownFileType = sourcecode.swift; path = MainView.swift; sourceTree = "<group>"; };
		D4A53B4327FB386C004A0F4C /* StatView.swift */ = {isa = PBXFileReference; lastKnownFileType = sourcecode.swift; path = StatView.swift; sourceTree = "<group>"; };
		D4E7BFCB27FBFF6300A147D9 /* StatItem.swift */ = {isa = PBXFileReference; lastKnownFileType = sourcecode.swift; path = StatItem.swift; sourceTree = "<group>"; };
		D4E7BFCE27FC0DA600A147D9 /* Duration.swift */ = {isa = PBXFileReference; lastKnownFileType = sourcecode.swift; path = Duration.swift; sourceTree = "<group>"; };
		D4E7BFD027FC0DE000A147D9 /* DurationTest.swift */ = {isa = PBXFileReference; lastKnownFileType = sourcecode.swift; path = DurationTest.swift; sourceTree = "<group>"; };
		D4E7BFD327FC811800A147D9 /* LatestRestRecord.swift */ = {isa = PBXFileReference; lastKnownFileType = sourcecode.swift; path = LatestRestRecord.swift; sourceTree = "<group>"; };
/* End PBXFileReference section */

/* Begin PBXFrameworksBuildPhase section */
		D4090BE727F88FC80068E4C5 /* Frameworks */ = {
			isa = PBXFrameworksBuildPhase;
			buildActionMask = 2147483647;
			files = (
				D4E7BFCA27FBC3AA00A147D9 /* SQLite in Frameworks */,
			);
			runOnlyForDeploymentPostprocessing = 0;
		};
		D4A53B1A27FA88AF004A0F4C /* Frameworks */ = {
			isa = PBXFrameworksBuildPhase;
			buildActionMask = 2147483647;
			files = (
			);
			runOnlyForDeploymentPostprocessing = 0;
		};
/* End PBXFrameworksBuildPhase section */

/* Begin PBXGroup section */
		D4090BE127F88FC80068E4C5 = {
			isa = PBXGroup;
			children = (
				D4A53B3A27FAA55F004A0F4C /* RestDataManagerTest.swift */,
				D4090BEC27F88FC80068E4C5 /* RestTime */,
				D4A53B1E27FA88AF004A0F4C /* RestTimeTests */,
				D4090BEB27F88FC80068E4C5 /* Products */,
			);
			sourceTree = "<group>";
		};
		D4090BEB27F88FC80068E4C5 /* Products */ = {
			isa = PBXGroup;
			children = (
				D4090BEA27F88FC80068E4C5 /* RestTime.app */,
				D4A53B1D27FA88AF004A0F4C /* RestTimeTests.xctest */,
			);
			name = Products;
			sourceTree = "<group>";
		};
		D4090BEC27F88FC80068E4C5 /* RestTime */ = {
			isa = PBXGroup;
			children = (
				D4E7BFD227FC80F400A147D9 /* Observe */,
				D4E7BFCD27FC0D9300A147D9 /* Domain */,
				D4A53B4527FB38E8004A0F4C /* View */,
				D4A53B3C27FACB16004A0F4C /* Util */,
				D4A53B3127FA99AD004A0F4C /* File */,
				D4A53B2827FA8B47004A0F4C /* Extension */,
				D4090BED27F88FC80068E4C5 /* RestTimeApp.swift */,
				D4090BF127F88FCA0068E4C5 /* Assets.xcassets */,
				D4090BF327F88FCA0068E4C5 /* Preview Content */,
			);
			path = RestTime;
			sourceTree = "<group>";
		};
		D4090BF327F88FCA0068E4C5 /* Preview Content */ = {
			isa = PBXGroup;
			children = (
				D4090BF427F88FCA0068E4C5 /* Preview Assets.xcassets */,
			);
			path = "Preview Content";
			sourceTree = "<group>";
		};
		D4A53B1E27FA88AF004A0F4C /* RestTimeTests */ = {
			isa = PBXGroup;
			children = (
				D4A53B2627FA88F4004A0F4C /* RestRecordTest.swift */,
				D4A53B3627FA9CB3004A0F4C /* DictExtensionTest.swift */,
				D4A53B3827FAA023004A0F4C /* StringExtensionTest.swift */,
				D4A53B3F27FB24A6004A0F4C /* DateExtensionTest.swift */,
				D4E7BFD027FC0DE000A147D9 /* DurationTest.swift */,
			);
			path = RestTimeTests;
			sourceTree = "<group>";
		};
		D4A53B2827FA8B47004A0F4C /* Extension */ = {
			isa = PBXGroup;
			children = (
				D4A53B2927FA8B64004A0F4C /* StringExtension.swift */,
				D4A53B2F27FA92F5004A0F4C /* DateExtension.swift */,
				D4A53B3427FA9C54004A0F4C /* DictExtension.swift */,
			);
			path = Extension;
			sourceTree = "<group>";
		};
		D4A53B3127FA99AD004A0F4C /* File */ = {
			isa = PBXGroup;
			children = (
				D4A53B3227FA99C1004A0F4C /* RestDataManager.swift */,
			);
			path = File;
			sourceTree = "<group>";
		};
		D4A53B3C27FACB16004A0F4C /* Util */ = {
			isa = PBXGroup;
			children = (
				D4A53B2D27FA92AA004A0F4C /* DateUtils.swift */,
				D4A53B3D27FACB24004A0F4C /* StringUtils.swift */,
			);
			path = Util;
			sourceTree = "<group>";
		};
		D4A53B4527FB38E8004A0F4C /* View */ = {
			isa = PBXGroup;
			children = (
				D4090BEF27F88FC80068E4C5 /* ContentView.swift */,
				D4A53B4127FB3810004A0F4C /* MainView.swift */,
				D4A53B4327FB386C004A0F4C /* StatView.swift */,
				D4E7BFCB27FBFF6300A147D9 /* StatItem.swift */,
			);
			path = View;
			sourceTree = "<group>";
		};
		D4E7BFCD27FC0D9300A147D9 /* Domain */ = {
			isa = PBXGroup;
			children = (
				D4A53AC427F9D905004A0F4C /* RestRecord.swift */,
				D4E7BFCE27FC0DA600A147D9 /* Duration.swift */,
			);
			path = Domain;
			sourceTree = "<group>";
		};
		D4E7BFD227FC80F400A147D9 /* Observe */ = {
			isa = PBXGroup;
			children = (
				D4E7BFD327FC811800A147D9 /* LatestRestRecord.swift */,
			);
			path = Observe;
			sourceTree = "<group>";
		};
/* End PBXGroup section */

/* Begin PBXNativeTarget section */
		D4090BE927F88FC80068E4C5 /* RestTime */ = {
			isa = PBXNativeTarget;
			buildConfigurationList = D4090BF827F88FCA0068E4C5 /* Build configuration list for PBXNativeTarget "RestTime" */;
			buildPhases = (
				D4090BE627F88FC80068E4C5 /* Sources */,
				D4090BE727F88FC80068E4C5 /* Frameworks */,
				D4090BE827F88FC80068E4C5 /* Resources */,
			);
			buildRules = (
			);
			dependencies = (
			);
			name = RestTime;
			packageProductDependencies = (
				D4E7BFC927FBC3AA00A147D9 /* SQLite */,
			);
			productName = RestTime;
			productReference = D4090BEA27F88FC80068E4C5 /* RestTime.app */;
			productType = "com.apple.product-type.application";
		};
		D4A53B1C27FA88AF004A0F4C /* RestTimeTests */ = {
			isa = PBXNativeTarget;
			buildConfigurationList = D4A53B2327FA88AF004A0F4C /* Build configuration list for PBXNativeTarget "RestTimeTests" */;
			buildPhases = (
				D4A53B1927FA88AF004A0F4C /* Sources */,
				D4A53B1A27FA88AF004A0F4C /* Frameworks */,
				D4A53B1B27FA88AF004A0F4C /* Resources */,
			);
			buildRules = (
			);
			dependencies = (
				D4A53B2227FA88AF004A0F4C /* PBXTargetDependency */,
			);
			name = RestTimeTests;
			productName = RestTimeTests;
			productReference = D4A53B1D27FA88AF004A0F4C /* RestTimeTests.xctest */;
			productType = "com.apple.product-type.bundle.unit-test";
		};
/* End PBXNativeTarget section */

/* Begin PBXProject section */
		D4090BE227F88FC80068E4C5 /* Project object */ = {
			isa = PBXProject;
			attributes = {
				BuildIndependentTargetsInParallel = 1;
				LastSwiftUpdateCheck = 1330;
				LastUpgradeCheck = 1330;
				TargetAttributes = {
					D4090BE927F88FC80068E4C5 = {
						CreatedOnToolsVersion = 13.3;
					};
					D4A53B1C27FA88AF004A0F4C = {
						CreatedOnToolsVersion = 13.3;
						TestTargetID = D4090BE927F88FC80068E4C5;
					};
				};
			};
			buildConfigurationList = D4090BE527F88FC80068E4C5 /* Build configuration list for PBXProject "RestTime" */;
			compatibilityVersion = "Xcode 13.0";
			developmentRegion = en;
			hasScannedForEncodings = 0;
			knownRegions = (
				en,
				Base,
			);
			mainGroup = D4090BE127F88FC80068E4C5;
			packageReferences = (
				D4E7BFC827FBC3AA00A147D9 /* XCRemoteSwiftPackageReference "SQLite" */,
			);
			productRefGroup = D4090BEB27F88FC80068E4C5 /* Products */;
			projectDirPath = "";
			projectRoot = "";
			targets = (
				D4090BE927F88FC80068E4C5 /* RestTime */,
				D4A53B1C27FA88AF004A0F4C /* RestTimeTests */,
			);
		};
/* End PBXProject section */

/* Begin PBXResourcesBuildPhase section */
		D4090BE827F88FC80068E4C5 /* Resources */ = {
			isa = PBXResourcesBuildPhase;
			buildActionMask = 2147483647;
			files = (
				D4090BF527F88FCA0068E4C5 /* Preview Assets.xcassets in Resources */,
				D4090BF227F88FCA0068E4C5 /* Assets.xcassets in Resources */,
			);
			runOnlyForDeploymentPostprocessing = 0;
		};
		D4A53B1B27FA88AF004A0F4C /* Resources */ = {
			isa = PBXResourcesBuildPhase;
			buildActionMask = 2147483647;
			files = (
			);
			runOnlyForDeploymentPostprocessing = 0;
		};
/* End PBXResourcesBuildPhase section */

/* Begin PBXSourcesBuildPhase section */
		D4090BE627F88FC80068E4C5 /* Sources */ = {
			isa = PBXSourcesBuildPhase;
			buildActionMask = 2147483647;
			files = (
				D4A53B3E27FACB24004A0F4C /* StringUtils.swift in Sources */,
				D4A53B3027FA92F5004A0F4C /* DateExtension.swift in Sources */,
				D4A53B4427FB386C004A0F4C /* StatView.swift in Sources */,
				D4A53B2A27FA8B64004A0F4C /* StringExtension.swift in Sources */,
				D4E7BFD427FC811800A147D9 /* LatestRestRecord.swift in Sources */,
				D4E7BFCF27FC0DA600A147D9 /* Duration.swift in Sources */,
				D4E7BFCC27FBFF6300A147D9 /* StatItem.swift in Sources */,
				D4A53B4227FB3810004A0F4C /* MainView.swift in Sources */,
				D4A53AC527F9D906004A0F4C /* RestRecord.swift in Sources */,
				D4A53B3327FA99C1004A0F4C /* RestDataManager.swift in Sources */,
				D4A53B2E27FA92AA004A0F4C /* DateUtils.swift in Sources */,
				D4090BF027F88FC80068E4C5 /* ContentView.swift in Sources */,
				D4090BEE27F88FC80068E4C5 /* RestTimeApp.swift in Sources */,
				D4A53B3527FA9C54004A0F4C /* DictExtension.swift in Sources */,
			);
			runOnlyForDeploymentPostprocessing = 0;
		};
		D4A53B1927FA88AF004A0F4C /* Sources */ = {
			isa = PBXSourcesBuildPhase;
			buildActionMask = 2147483647;
			files = (
				D4A53B2727FA88F4004A0F4C /* RestRecordTest.swift in Sources */,
				D4E7BFD127FC0DE100A147D9 /* DurationTest.swift in Sources */,
				D4A53B3B27FAA55F004A0F4C /* RestDataManagerTest.swift in Sources */,
				D4A53B3927FAA023004A0F4C /* StringExtensionTest.swift in Sources */,
				D4A53B4027FB24A6004A0F4C /* DateExtensionTest.swift in Sources */,
				D4A53B3727FA9CB3004A0F4C /* DictExtensionTest.swift in Sources */,
			);
			runOnlyForDeploymentPostprocessing = 0;
		};
/* End PBXSourcesBuildPhase section */

/* Begin PBXTargetDependency section */
		D4A53B2227FA88AF004A0F4C /* PBXTargetDependency */ = {
			isa = PBXTargetDependency;
			target = D4090BE927F88FC80068E4C5 /* RestTime */;
			targetProxy = D4A53B2127FA88AF004A0F4C /* PBXContainerItemProxy */;
		};
/* End PBXTargetDependency section */

/* Begin XCBuildConfiguration section */
		D4090BF627F88FCA0068E4C5 /* Debug */ = {
			isa = XCBuildConfiguration;
			buildSettings = {
				ALWAYS_SEARCH_USER_PATHS = NO;
				CLANG_ANALYZER_NONNULL = YES;
				CLANG_ANALYZER_NUMBER_OBJECT_CONVERSION = YES_AGGRESSIVE;
				CLANG_CXX_LANGUAGE_STANDARD = "gnu++17";
				CLANG_ENABLE_MODULES = YES;
				CLANG_ENABLE_OBJC_ARC = YES;
				CLANG_ENABLE_OBJC_WEAK = YES;
				CLANG_WARN_BLOCK_CAPTURE_AUTORELEASING = YES;
				CLANG_WARN_BOOL_CONVERSION = YES;
				CLANG_WARN_COMMA = YES;
				CLANG_WARN_CONSTANT_CONVERSION = YES;
				CLANG_WARN_DEPRECATED_OBJC_IMPLEMENTATIONS = YES;
				CLANG_WARN_DIRECT_OBJC_ISA_USAGE = YES_ERROR;
				CLANG_WARN_DOCUMENTATION_COMMENTS = YES;
				CLANG_WARN_EMPTY_BODY = YES;
				CLANG_WARN_ENUM_CONVERSION = YES;
				CLANG_WARN_INFINITE_RECURSION = YES;
				CLANG_WARN_INT_CONVERSION = YES;
				CLANG_WARN_NON_LITERAL_NULL_CONVERSION = YES;
				CLANG_WARN_OBJC_IMPLICIT_RETAIN_SELF = YES;
				CLANG_WARN_OBJC_LITERAL_CONVERSION = YES;
				CLANG_WARN_OBJC_ROOT_CLASS = YES_ERROR;
				CLANG_WARN_QUOTED_INCLUDE_IN_FRAMEWORK_HEADER = YES;
				CLANG_WARN_RANGE_LOOP_ANALYSIS = YES;
				CLANG_WARN_STRICT_PROTOTYPES = YES;
				CLANG_WARN_SUSPICIOUS_MOVE = YES;
				CLANG_WARN_UNGUARDED_AVAILABILITY = YES_AGGRESSIVE;
				CLANG_WARN_UNREACHABLE_CODE = YES;
				CLANG_WARN__DUPLICATE_METHOD_MATCH = YES;
				COPY_PHASE_STRIP = NO;
				DEBUG_INFORMATION_FORMAT = dwarf;
				ENABLE_STRICT_OBJC_MSGSEND = YES;
				ENABLE_TESTABILITY = YES;
				GCC_C_LANGUAGE_STANDARD = gnu11;
				GCC_DYNAMIC_NO_PIC = NO;
				GCC_NO_COMMON_BLOCKS = YES;
				GCC_OPTIMIZATION_LEVEL = 0;
				GCC_PREPROCESSOR_DEFINITIONS = (
					"DEBUG=1",
					"$(inherited)",
				);
				GCC_WARN_64_TO_32_BIT_CONVERSION = YES;
				GCC_WARN_ABOUT_RETURN_TYPE = YES_ERROR;
				GCC_WARN_UNDECLARED_SELECTOR = YES;
				GCC_WARN_UNINITIALIZED_AUTOS = YES_AGGRESSIVE;
				GCC_WARN_UNUSED_FUNCTION = YES;
				GCC_WARN_UNUSED_VARIABLE = YES;
				IPHONEOS_DEPLOYMENT_TARGET = 15.0;
				MTL_ENABLE_DEBUG_INFO = INCLUDE_SOURCE;
				MTL_FAST_MATH = YES;
				ONLY_ACTIVE_ARCH = YES;
				SDKROOT = iphoneos;
				SWIFT_ACTIVE_COMPILATION_CONDITIONS = DEBUG;
				SWIFT_OPTIMIZATION_LEVEL = "-Onone";
			};
			name = Debug;
		};
		D4090BF727F88FCA0068E4C5 /* Release */ = {
			isa = XCBuildConfiguration;
			buildSettings = {
				ALWAYS_SEARCH_USER_PATHS = NO;
				CLANG_ANALYZER_NONNULL = YES;
				CLANG_ANALYZER_NUMBER_OBJECT_CONVERSION = YES_AGGRESSIVE;
				CLANG_CXX_LANGUAGE_STANDARD = "gnu++17";
				CLANG_ENABLE_MODULES = YES;
				CLANG_ENABLE_OBJC_ARC = YES;
				CLANG_ENABLE_OBJC_WEAK = YES;
				CLANG_WARN_BLOCK_CAPTURE_AUTORELEASING = YES;
				CLANG_WARN_BOOL_CONVERSION = YES;
				CLANG_WARN_COMMA = YES;
				CLANG_WARN_CONSTANT_CONVERSION = YES;
				CLANG_WARN_DEPRECATED_OBJC_IMPLEMENTATIONS = YES;
				CLANG_WARN_DIRECT_OBJC_ISA_USAGE = YES_ERROR;
				CLANG_WARN_DOCUMENTATION_COMMENTS = YES;
				CLANG_WARN_EMPTY_BODY = YES;
				CLANG_WARN_ENUM_CONVERSION = YES;
				CLANG_WARN_INFINITE_RECURSION = YES;
				CLANG_WARN_INT_CONVERSION = YES;
				CLANG_WARN_NON_LITERAL_NULL_CONVERSION = YES;
				CLANG_WARN_OBJC_IMPLICIT_RETAIN_SELF = YES;
				CLANG_WARN_OBJC_LITERAL_CONVERSION = YES;
				CLANG_WARN_OBJC_ROOT_CLASS = YES_ERROR;
				CLANG_WARN_QUOTED_INCLUDE_IN_FRAMEWORK_HEADER = YES;
				CLANG_WARN_RANGE_LOOP_ANALYSIS = YES;
				CLANG_WARN_STRICT_PROTOTYPES = YES;
				CLANG_WARN_SUSPICIOUS_MOVE = YES;
				CLANG_WARN_UNGUARDED_AVAILABILITY = YES_AGGRESSIVE;
				CLANG_WARN_UNREACHABLE_CODE = YES;
				CLANG_WARN__DUPLICATE_METHOD_MATCH = YES;
				COPY_PHASE_STRIP = NO;
				DEBUG_INFORMATION_FORMAT = "dwarf-with-dsym";
				ENABLE_NS_ASSERTIONS = NO;
				ENABLE_STRICT_OBJC_MSGSEND = YES;
				GCC_C_LANGUAGE_STANDARD = gnu11;
				GCC_NO_COMMON_BLOCKS = YES;
				GCC_WARN_64_TO_32_BIT_CONVERSION = YES;
				GCC_WARN_ABOUT_RETURN_TYPE = YES_ERROR;
				GCC_WARN_UNDECLARED_SELECTOR = YES;
				GCC_WARN_UNINITIALIZED_AUTOS = YES_AGGRESSIVE;
				GCC_WARN_UNUSED_FUNCTION = YES;
				GCC_WARN_UNUSED_VARIABLE = YES;
				IPHONEOS_DEPLOYMENT_TARGET = 15.0;
				MTL_ENABLE_DEBUG_INFO = NO;
				MTL_FAST_MATH = YES;
				SDKROOT = iphoneos;
				SWIFT_COMPILATION_MODE = wholemodule;
				SWIFT_OPTIMIZATION_LEVEL = "-O";
				VALIDATE_PRODUCT = YES;
			};
			name = Release;
		};
		D4090BF927F88FCA0068E4C5 /* Debug */ = {
			isa = XCBuildConfiguration;
			buildSettings = {
				ASSETCATALOG_COMPILER_APPICON_NAME = AppIcon;
				ASSETCATALOG_COMPILER_GLOBAL_ACCENT_COLOR_NAME = AccentColor;
				CODE_SIGN_STYLE = Automatic;
				CURRENT_PROJECT_VERSION = 1;
				DEVELOPMENT_ASSET_PATHS = "\"RestTime/Preview Content\"";
				DEVELOPMENT_TEAM = 38YM4USZ8J;
				ENABLE_PREVIEWS = YES;
				GENERATE_INFOPLIST_FILE = YES;
				INFOPLIST_KEY_UIApplicationSceneManifest_Generation = YES;
				INFOPLIST_KEY_UIApplicationSupportsIndirectInputEvents = YES;
				INFOPLIST_KEY_UILaunchScreen_Generation = YES;
				INFOPLIST_KEY_UISupportedInterfaceOrientations_iPad = "UIInterfaceOrientationPortrait UIInterfaceOrientationPortraitUpsideDown UIInterfaceOrientationLandscapeLeft UIInterfaceOrientationLandscapeRight";
				INFOPLIST_KEY_UISupportedInterfaceOrientations_iPhone = "UIInterfaceOrientationPortrait UIInterfaceOrientationLandscapeLeft UIInterfaceOrientationLandscapeRight";
				LD_RUNPATH_SEARCH_PATHS = (
					"$(inherited)",
					"@executable_path/Frameworks",
				);
				MARKETING_VERSION = 1.0;
				PRODUCT_BUNDLE_IDENTIFIER = com.rest.RestTime;
				PRODUCT_NAME = "$(TARGET_NAME)";
				SWIFT_EMIT_LOC_STRINGS = YES;
				SWIFT_VERSION = 5.0;
				TARGETED_DEVICE_FAMILY = "1,2";
			};
			name = Debug;
		};
		D4090BFA27F88FCA0068E4C5 /* Release */ = {
			isa = XCBuildConfiguration;
			buildSettings = {
				ASSETCATALOG_COMPILER_APPICON_NAME = AppIcon;
				ASSETCATALOG_COMPILER_GLOBAL_ACCENT_COLOR_NAME = AccentColor;
				CODE_SIGN_STYLE = Automatic;
				CURRENT_PROJECT_VERSION = 1;
				DEVELOPMENT_ASSET_PATHS = "\"RestTime/Preview Content\"";
				DEVELOPMENT_TEAM = 38YM4USZ8J;
				ENABLE_PREVIEWS = YES;
				GENERATE_INFOPLIST_FILE = YES;
				INFOPLIST_KEY_UIApplicationSceneManifest_Generation = YES;
				INFOPLIST_KEY_UIApplicationSupportsIndirectInputEvents = YES;
				INFOPLIST_KEY_UILaunchScreen_Generation = YES;
				INFOPLIST_KEY_UISupportedInterfaceOrientations_iPad = "UIInterfaceOrientationPortrait UIInterfaceOrientationPortraitUpsideDown UIInterfaceOrientationLandscapeLeft UIInterfaceOrientationLandscapeRight";
				INFOPLIST_KEY_UISupportedInterfaceOrientations_iPhone = "UIInterfaceOrientationPortrait UIInterfaceOrientationLandscapeLeft UIInterfaceOrientationLandscapeRight";
				LD_RUNPATH_SEARCH_PATHS = (
					"$(inherited)",
					"@executable_path/Frameworks",
				);
				MARKETING_VERSION = 1.0;
				PRODUCT_BUNDLE_IDENTIFIER = com.rest.RestTime;
				PRODUCT_NAME = "$(TARGET_NAME)";
				SWIFT_EMIT_LOC_STRINGS = YES;
				SWIFT_VERSION = 5.0;
				TARGETED_DEVICE_FAMILY = "1,2";
			};
			name = Release;
		};
		D4A53B2427FA88AF004A0F4C /* Debug */ = {
			isa = XCBuildConfiguration;
			buildSettings = {
				BUNDLE_LOADER = "$(TEST_HOST)";
				CODE_SIGN_STYLE = Automatic;
				CURRENT_PROJECT_VERSION = 1;
				DEVELOPMENT_TEAM = 38YM4USZ8J;
				GENERATE_INFOPLIST_FILE = YES;
				MARKETING_VERSION = 1.0;
				PRODUCT_BUNDLE_IDENTIFIER = com.rest.RestTime.RestTimeTests;
				PRODUCT_NAME = "$(TARGET_NAME)";
				SWIFT_EMIT_LOC_STRINGS = NO;
				SWIFT_VERSION = 5.0;
				TARGETED_DEVICE_FAMILY = "1,2";
				TEST_HOST = "$(BUILT_PRODUCTS_DIR)/RestTime.app/RestTime";
			};
			name = Debug;
		};
		D4A53B2527FA88AF004A0F4C /* Release */ = {
			isa = XCBuildConfiguration;
			buildSettings = {
				BUNDLE_LOADER = "$(TEST_HOST)";
				CODE_SIGN_STYLE = Automatic;
				CURRENT_PROJECT_VERSION = 1;
				DEVELOPMENT_TEAM = 38YM4USZ8J;
				GENERATE_INFOPLIST_FILE = YES;
				MARKETING_VERSION = 1.0;
				PRODUCT_BUNDLE_IDENTIFIER = com.rest.RestTime.RestTimeTests;
				PRODUCT_NAME = "$(TARGET_NAME)";
				SWIFT_EMIT_LOC_STRINGS = NO;
				SWIFT_VERSION = 5.0;
				TARGETED_DEVICE_FAMILY = "1,2";
				TEST_HOST = "$(BUILT_PRODUCTS_DIR)/RestTime.app/RestTime";
			};
			name = Release;
		};
/* End XCBuildConfiguration section */

/* Begin XCConfigurationList section */
		D4090BE527F88FC80068E4C5 /* Build configuration list for PBXProject "RestTime" */ = {
			isa = XCConfigurationList;
			buildConfigurations = (
				D4090BF627F88FCA0068E4C5 /* Debug */,
				D4090BF727F88FCA0068E4C5 /* Release */,
			);
			defaultConfigurationIsVisible = 0;
			defaultConfigurationName = Release;
		};
		D4090BF827F88FCA0068E4C5 /* Build configuration list for PBXNativeTarget "RestTime" */ = {
			isa = XCConfigurationList;
			buildConfigurations = (
				D4090BF927F88FCA0068E4C5 /* Debug */,
				D4090BFA27F88FCA0068E4C5 /* Release */,
			);
			defaultConfigurationIsVisible = 0;
			defaultConfigurationName = Release;
		};
		D4A53B2327FA88AF004A0F4C /* Build configuration list for PBXNativeTarget "RestTimeTests" */ = {
			isa = XCConfigurationList;
			buildConfigurations = (
				D4A53B2427FA88AF004A0F4C /* Debug */,
				D4A53B2527FA88AF004A0F4C /* Release */,
			);
			defaultConfigurationIsVisible = 0;
			defaultConfigurationName = Release;
		};
/* End XCConfigurationList section */

/* Begin XCRemoteSwiftPackageReference section */
		D4E7BFC827FBC3AA00A147D9 /* XCRemoteSwiftPackageReference "SQLite" */ = {
			isa = XCRemoteSwiftPackageReference;
			repositoryURL = "https://github.com/stephencelis/SQLite.swift";
			requirement = {
				kind = upToNextMajorVersion;
				minimumVersion = 0.9.2;
			};
		};
/* End XCRemoteSwiftPackageReference section */

/* Begin XCSwiftPackageProductDependency section */
		D4E7BFC927FBC3AA00A147D9 /* SQLite */ = {
			isa = XCSwiftPackageProductDependency;
			package = D4E7BFC827FBC3AA00A147D9 /* XCRemoteSwiftPackageReference "SQLite" */;
			productName = SQLite;
		};
/* End XCSwiftPackageProductDependency section */
	};
	rootObject = D4090BE227F88FC80068E4C5 /* Project object */;
}
